
Microsoft Visual Studio Solution File, Format Version 12.00
# Visual Studio Version 16
VisualStudioVersion = 16.0.30002.166
MinimumVisualStudioVersion = 10.0.40219.1
Project("{FAE04EC0-301F-11D3-BF4B-00C04F79EFBC}") = "FunctionApp1", "FunctionApp1\FunctionApp1.csproj", "{4CE8A037-02E1-49BB-A18F-0F8DCE104543}"
EndProject
Global
	GlobalSection(SolutionConfigurationPlatforms) = preSolution
		Debug|Any CPU = Debug|Any CPU
		Release|Any CPU = Release|Any CPU
	EndGlobalSection
	GlobalSection(ProjectConfigurationPlatforms) = postSolution
		{4CE8A037-02E1-49BB-A18F-0F8DCE104543}.Debug|Any CPU.ActiveCfg = Debug|Any CPU
		{4CE8A037-02E1-49BB-A18F-0F8DCE104543}.Debug|Any CPU.Build.0 = Debug|Any CPU
		{4CE8A037-02E1-49BB-A18F-0F8DCE104543}.Release|Any CPU.ActiveCfg = Release|Any CPU
		{4CE8A037-02E1-49BB-A18F-0F8DCE104543}.Release|Any CPU.Build.0 = Release|Any CPU
	EndGlobalSection
	GlobalSection(SolutionProperties) = preSolution
		HideSolutionNode = FALSE
	EndGlobalSection
	GlobalSection(ExtensibilityGlobals) = postSolution
		SolutionGuid = {27962F70-A175-4A30-A742-FBF61E93A833}
	EndGlobalSection
EndGlobal
